<?xml version="1.0" encoding="utf-8"?>
<Project ToolsVersion="4.0" xmlns="http://schemas.microsoft.com/developer/msbuild/2003">
  <ItemGroup>
    <ClCompile Include="main.cpp" />
    <ClCompile Include="Shaders.cpp" />
    <ClCompile Include="DebugLog.cpp" />
    <ClCompile Include="alphaBlend.cpp" />
  </ItemGroup>
  <ItemGroup>
    <ClInclude Include="Shaders.h" />
    <ClInclude Include="DebugLog.h" />
    <ClInclude Include="Texture.h" />
    <ClInclude Include="alphaBlend.h" />
  </ItemGroup>
</Project>